
Microsoft Visual Studio Solution File, Format Version 12.00
# Visual Studio Version 16
VisualStudioVersion = 16.0.29102.190
MinimumVisualStudioVersion = 10.0.40219.1
Project("{FAE04EC0-301F-11D3-BF4B-00C04F79EFBC}") = "tfcmp_yvun", "tfcmp_yvun\tfcmp_yvun.csproj", "{81348A1A-4796-4188-922D-418E53E4EA2A}"
EndProject
Global
	GlobalSection(SolutionConfigurationPlatforms) = preSolution
		Debug|Any CPU = Debug|Any CPU
		Release|Any CPU = Release|Any CPU
	EndGlobalSection
	GlobalSection(ProjectConfigurationPlatforms) = postSolution
		{81348A1A-4796-4188-922D-418E53E4EA2A}.Debug|Any CPU.ActiveCfg = Debug|Any CPU
		{81348A1A-4796-4188-922D-418E53E4EA2A}.Debug|Any CPU.Build.0 = Debug|Any CPU
		{81348A1A-4796-4188-922D-418E53E4EA2A}.Release|Any CPU.ActiveCfg = Release|Any CPU
		{81348A1A-4796-4188-922D-418E53E4EA2A}.Release|Any CPU.Build.0 = Release|Any CPU
	EndGlobalSection
	GlobalSection(SolutionProperties) = preSolution
		HideSolutionNode = FALSE
	EndGlobalSection
	GlobalSection(ExtensibilityGlobals) = postSolution
		SolutionGuid = {0829C660-0234-443A-91A8-16A41960DD20}
	EndGlobalSection
EndGlobal
